
Microsoft Visual Studio Solution File, Format Version 12.00
# Visual Studio Version 16
VisualStudioVersion = 16.0.29709.97
MinimumVisualStudioVersion = 10.0.40219.1
Project("{2150E333-8FDC-42A3-9474-1A3956D46DE8}") = "src", "src", "{FFB15EA6-B623-41D7-AEFC-476EE6A1DF64}"
EndProject
Project("{2150E333-8FDC-42A3-9474-1A3956D46DE8}") = "Gateways", "Gateways", "{77E607B0-3B7F-43E4-87FC-8CEFF2CC795B}"
EndProject
Project("{2150E333-8FDC-42A3-9474-1A3956D46DE8}") = "Services", "Services", "{CF3C6446-5719-4C54-93FB-317C598E799D}"
EndProject
Project("{E53339B2-1760-4266-BCC7-CA923CBCF16C}") = "docker-compose", "docker-compose.dcproj", "{7949654E-D8F0-449C-9147-2B1480960D73}"
EndProject
Project("{9A19103F-16F7-4668-BE54-9A1E7A4F7556}") = "WebGateway", "src\Gateways\WebGateway\WebGateway.csproj", "{8770D7BD-DE09-4CFD-99CD-C6523B763540}"
EndProject
Project("{2150E333-8FDC-42A3-9474-1A3956D46DE8}") = "AuthServer", "AuthServer", "{51278490-5C1A-4E65-8DB4-A53E1334786D}"
EndProject
Project("{2150E333-8FDC-42A3-9474-1A3956D46DE8}") = "Tests", "Tests", "{24A5CB10-0196-4D2C-A312-C4B18A5AF97C}"
EndProject
Project("{9A19103F-16F7-4668-BE54-9A1E7A4F7556}") = "Authentication.Test", "src\Services\AuthServer\Tests\Authentication.Test\Authentication.Test.csproj", "{BB6FC676-F53B-4B95-9546-D3A9E87331BF}"
EndProject
Project("{2150E333-8FDC-42A3-9474-1A3956D46DE8}") = "Florists", "Florists", "{EB49507F-ED85-41FB-BE6E-B784EFB35A1E}"
EndProject
Project("{2150E333-8FDC-42A3-9474-1A3956D46DE8}") = "Orders", "Orders", "{E7B4113C-3433-4278-932C-9E303CDF90C5}"
EndProject
Project("{2150E333-8FDC-42A3-9474-1A3956D46DE8}") = "Solutions", "Solutions", "{D7569C11-6820-4E86-9921-5534260E0C10}"
EndProject
Project("{2150E333-8FDC-42A3-9474-1A3956D46DE8}") = "Tests", "Tests", "{B1F335D0-5E74-43DC-8B56-F6DCA70A8FEE}"
EndProject
Project("{2150E333-8FDC-42A3-9474-1A3956D46DE8}") = "Api", "Api", "{3F5EE52A-74CA-4B54-9774-6B5953B41E1E}"
EndProject
Project("{2150E333-8FDC-42A3-9474-1A3956D46DE8}") = "Application", "Application", "{0DE53C4C-A6A1-4FD7-B706-D85F7372A44F}"
EndProject
Project("{2150E333-8FDC-42A3-9474-1A3956D46DE8}") = "Data", "Data", "{6B45A051-EDC1-4DBA-AA33-71EAB453592E}"
EndProject
Project("{2150E333-8FDC-42A3-9474-1A3956D46DE8}") = "Domain", "Domain", "{546325DF-5520-487F-9D94-94775DBA354D}"
EndProject
Project("{9A19103F-16F7-4668-BE54-9A1E7A4F7556}") = "Orders.Test", "src\Services\Orders\Tests\Orders.Test\Orders.Test.csproj", "{63E26618-5B01-4364-98E2-D701B31D6A4B}"
EndProject
Project("{2150E333-8FDC-42A3-9474-1A3956D46DE8}") = "Solution", "Solution", "{8EDEED2D-742D-4D12-A27C-01C987FB4275}"
EndProject
Project("{2150E333-8FDC-42A3-9474-1A3956D46DE8}") = "Infra.IoC", "Infra.IoC", "{83E4DB0F-84BD-454B-9812-7298E789C125}"
EndProject
Project("{9A19103F-16F7-4668-BE54-9A1E7A4F7556}") = "Bloomrunner.Infra.IoC", "src\Infra.IoC\Bloomrunner.Infra.IoC\Bloomrunner.Infra.IoC.csproj", "{59F6E130-20E9-4867-B772-F8F57A6F0960}"
EndProject
Project("{9A19103F-16F7-4668-BE54-9A1E7A4F7556}") = "Bloomrunner.Orders.Application", "src\Services\Orders\Solutions\Application\Bloomrunner.Orders.Application\Bloomrunner.Orders.Application.csproj", "{227AB0CA-8B03-4432-A78F-F0E293EAA7D2}"
EndProject
Project("{9A19103F-16F7-4668-BE54-9A1E7A4F7556}") = "Bloomrunner.Orders.Domain", "src\Services\Orders\Solutions\Domain\Bloomrunner.Orders.Domain\Bloomrunner.Orders.Domain.csproj", "{2DF4E196-3DCD-45AC-BA2B-7A65B51B324A}"
EndProject
Project("{9A19103F-16F7-4668-BE54-9A1E7A4F7556}") = "Orders.Data", "src\Services\Orders\Solutions\Data\Orders.Data\Orders.Data.csproj", "{E7994CA4-953E-4F05-AA9E-8BF71BC9A9BD}"
EndProject
Project("{9A19103F-16F7-4668-BE54-9A1E7A4F7556}") = "Orders.Data.Test", "src\Services\Orders\Tests\Orders.Data.Test\Orders.Data.Test.csproj", "{2FDCF0D1-5097-416E-B713-A6AE667B8879}"
EndProject
Project("{9A19103F-16F7-4668-BE54-9A1E7A4F7556}") = "Orders.Services.Test", "src\Services\Orders\Tests\Orders.Services.Test\Orders.Services.Test.csproj", "{A1287C14-C2AB-4126-810D-57203B5A938F}"
EndProject
Project("{9A19103F-16F7-4668-BE54-9A1E7A4F7556}") = "Bloomrunner.Orders.Api", "src\Services\Orders\Solutions\Api\Bloomrunner.Orders.Api\Bloomrunner.Orders.Api.csproj", "{EA1625A9-20C7-47DC-9678-0B93CFBF736D}"
EndProject
Project("{2150E333-8FDC-42A3-9474-1A3956D46DE8}") = "Solution Items", "Solution Items", "{B83A7A55-4CC7-4E63-9204-8C45AA0F20A1}"
	ProjectSection(SolutionItems) = preProject
		.editorconfig = .editorconfig
	EndProjectSection
EndProject
Project("{2150E333-8FDC-42A3-9474-1A3956D46DE8}") = "Admin", "Admin", "{D3733B18-9818-4E33-806F-B0FEB139B224}"
EndProject
Project("{2150E333-8FDC-42A3-9474-1A3956D46DE8}") = "Solutions", "Solutions", "{E5D8B499-24F4-443A-800A-0081EEE6E851}"
EndProject
Project("{2150E333-8FDC-42A3-9474-1A3956D46DE8}") = "Tests", "Tests", "{DD64507B-645B-42ED-842C-E58CC064E6A0}"
EndProject
Project("{2150E333-8FDC-42A3-9474-1A3956D46DE8}") = "API", "API", "{D845A087-2A61-4C53-84D8-7B010C54E060}"
EndProject
Project("{2150E333-8FDC-42A3-9474-1A3956D46DE8}") = "Application", "Application", "{87090028-6D12-48E8-9C92-511B23D3E9C1}"
EndProject
Project("{2150E333-8FDC-42A3-9474-1A3956D46DE8}") = "Data", "Data", "{D6F1BFA5-5459-439C-8571-D048ADCBA226}"
EndProject
Project("{2150E333-8FDC-42A3-9474-1A3956D46DE8}") = "Domain", "Domain", "{19AED127-3AE4-4CD2-853F-8C36AE35C61E}"
EndProject
Project("{9A19103F-16F7-4668-BE54-9A1E7A4F7556}") = "Admin.API", "src\Services\Florists\Admin\Solutions\Admin.API\Admin.API.csproj", "{30525443-F3B7-486A-B4B1-EE7A967D2874}"
EndProject
Project("{9A19103F-16F7-4668-BE54-9A1E7A4F7556}") = "Admin.Application", "src\Services\Florists\Admin\Solutions\Application\Admin.Application\Admin.Application.csproj", "{B44509B7-9D48-4D2B-8BEA-4F25BDBBC8E2}"
EndProject
Project("{9A19103F-16F7-4668-BE54-9A1E7A4F7556}") = "Admin.Data", "src\Services\Florists\Admin\Solutions\Data\Admin.Data\Admin.Data.csproj", "{1E2099EF-2720-4C69-AE38-CA261294AA89}"
EndProject
Project("{9A19103F-16F7-4668-BE54-9A1E7A4F7556}") = "Admin.Domain", "src\Services\Florists\Admin\Solutions\Domain\Admin.Domain\Admin.Domain.csproj", "{A440109D-C3F6-43F7-9F56-31E8BEA5364D}"
EndProject
Project("{2150E333-8FDC-42A3-9474-1A3956D46DE8}") = "Product", "Product", "{60845873-FF94-4F6E-BEF0-F6510D852F9A}"
EndProject
Project("{2150E333-8FDC-42A3-9474-1A3956D46DE8}") = "Admin", "Admin", "{D58E3E14-D1C7-41B2-B666-EC6BB5AB386E}"
EndProject
Project("{2150E333-8FDC-42A3-9474-1A3956D46DE8}") = "CRM", "CRM", "{01A3C9AE-4893-4136-8DCE-D1A5901868A8}"
EndProject
Project("{2150E333-8FDC-42A3-9474-1A3956D46DE8}") = "Reporting", "Reporting", "{FEF65E30-BEEA-423B-B7F4-32CB18468567}"
EndProject
Project("{2150E333-8FDC-42A3-9474-1A3956D46DE8}") = "Widgets", "Widgets", "{379CDD3E-74BB-4AA7-9CF5-C41A71410D56}"
EndProject
Project("{2150E333-8FDC-42A3-9474-1A3956D46DE8}") = "Solutions", "Solutions", "{BE87D2C0-91B7-4A6E-9DA0-A1D3256BEAFF}"
EndProject
Project("{2150E333-8FDC-42A3-9474-1A3956D46DE8}") = "Tests", "Tests", "{B5A765F2-DDBC-41C4-A168-A1ADFC33D6B1}"
EndProject
Project("{2150E333-8FDC-42A3-9474-1A3956D46DE8}") = "API", "API", "{F523C403-D43C-4EC1-A748-FBF8F7F14AB0}"
EndProject
Project("{2150E333-8FDC-42A3-9474-1A3956D46DE8}") = "Application", "Application", "{3EB3AF6D-8AC6-4F43-B5C9-D6A9B108FB1E}"
EndProject
Project("{2150E333-8FDC-42A3-9474-1A3956D46DE8}") = "Data", "Data", "{8CFB3667-1B66-450B-8AF0-EFA5132669ED}"
EndProject
Project("{2150E333-8FDC-42A3-9474-1A3956D46DE8}") = "Domain", "Domain", "{C99BBCA9-25CC-483D-A3AA-BB15BD120ECF}"
EndProject
Project("{9A19103F-16F7-4668-BE54-9A1E7A4F7556}") = "CRM.API", "src\Services\Florists\CRM\Solutions\API\CRM.API\CRM.API.csproj", "{BE1CE2C7-D5EB-4EAA-9203-506C4ED88140}"
EndProject
Project("{9A19103F-16F7-4668-BE54-9A1E7A4F7556}") = "CRM.Application", "src\Services\Florists\CRM\Solutions\Application\CRM.Application\CRM.Application.csproj", "{04A20994-C76E-4745-BC73-9AE73C041555}"
EndProject
Project("{9A19103F-16F7-4668-BE54-9A1E7A4F7556}") = "CRM.Data", "src\Services\Florists\CRM\Solutions\Data\CRM.Data\CRM.Data.csproj", "{6D508721-0DBA-4B99-8D40-0FF701554AC8}"
EndProject
Project("{9A19103F-16F7-4668-BE54-9A1E7A4F7556}") = "CRM.Domain", "src\Services\Florists\CRM\Solutions\Domain\CRM.Domain\CRM.Domain.csproj", "{7FDA6EA5-EC1A-4F05-94EE-0163A23FF7F4}"
EndProject
Project("{2150E333-8FDC-42A3-9474-1A3956D46DE8}") = "Common", "Common", "{6A00A6D5-F99D-4478-B56D-74E815B752F6}"
EndProject
Project("{9A19103F-16F7-4668-BE54-9A1E7A4F7556}") = "BuildingBlocks", "src\Common\BuildingBlocks\BuildingBlocks.csproj", "{6E1CBEEF-E8BF-43BE-BAE1-D89F6E618443}"
EndProject
Project("{9A19103F-16F7-4668-BE54-9A1E7A4F7556}") = "Authentication", "src\Services\AuthServer\Solution\Authentication.csproj", "{119C1639-07BA-470E-B3E9-CAD0ECF01A24}"
EndProject
Global
	GlobalSection(SolutionConfigurationPlatforms) = preSolution
		Debug|Any CPU = Debug|Any CPU
		Release|Any CPU = Release|Any CPU
	EndGlobalSection
	GlobalSection(ProjectConfigurationPlatforms) = postSolution
		{7949654E-D8F0-449C-9147-2B1480960D73}.Debug|Any CPU.ActiveCfg = Debug|Any CPU
		{7949654E-D8F0-449C-9147-2B1480960D73}.Debug|Any CPU.Build.0 = Debug|Any CPU
		{7949654E-D8F0-449C-9147-2B1480960D73}.Release|Any CPU.ActiveCfg = Release|Any CPU
		{7949654E-D8F0-449C-9147-2B1480960D73}.Release|Any CPU.Build.0 = Release|Any CPU
		{8770D7BD-DE09-4CFD-99CD-C6523B763540}.Debug|Any CPU.ActiveCfg = Debug|Any CPU
		{8770D7BD-DE09-4CFD-99CD-C6523B763540}.Debug|Any CPU.Build.0 = Debug|Any CPU
		{8770D7BD-DE09-4CFD-99CD-C6523B763540}.Release|Any CPU.ActiveCfg = Release|Any CPU
		{8770D7BD-DE09-4CFD-99CD-C6523B763540}.Release|Any CPU.Build.0 = Release|Any CPU
		{BB6FC676-F53B-4B95-9546-D3A9E87331BF}.Debug|Any CPU.ActiveCfg = Debug|Any CPU
		{BB6FC676-F53B-4B95-9546-D3A9E87331BF}.Debug|Any CPU.Build.0 = Debug|Any CPU
		{BB6FC676-F53B-4B95-9546-D3A9E87331BF}.Release|Any CPU.ActiveCfg = Release|Any CPU
		{BB6FC676-F53B-4B95-9546-D3A9E87331BF}.Release|Any CPU.Build.0 = Release|Any CPU
		{63E26618-5B01-4364-98E2-D701B31D6A4B}.Debug|Any CPU.ActiveCfg = Debug|Any CPU
		{63E26618-5B01-4364-98E2-D701B31D6A4B}.Debug|Any CPU.Build.0 = Debug|Any CPU
		{63E26618-5B01-4364-98E2-D701B31D6A4B}.Release|Any CPU.ActiveCfg = Release|Any CPU
		{63E26618-5B01-4364-98E2-D701B31D6A4B}.Release|Any CPU.Build.0 = Release|Any CPU
		{59F6E130-20E9-4867-B772-F8F57A6F0960}.Debug|Any CPU.ActiveCfg = Debug|Any CPU
		{59F6E130-20E9-4867-B772-F8F57A6F0960}.Debug|Any CPU.Build.0 = Debug|Any CPU
		{59F6E130-20E9-4867-B772-F8F57A6F0960}.Release|Any CPU.ActiveCfg = Release|Any CPU
		{59F6E130-20E9-4867-B772-F8F57A6F0960}.Release|Any CPU.Build.0 = Release|Any CPU
		{227AB0CA-8B03-4432-A78F-F0E293EAA7D2}.Debug|Any CPU.ActiveCfg = Debug|Any CPU
		{227AB0CA-8B03-4432-A78F-F0E293EAA7D2}.Debug|Any CPU.Build.0 = Debug|Any CPU
		{227AB0CA-8B03-4432-A78F-F0E293EAA7D2}.Release|Any CPU.ActiveCfg = Release|Any CPU
		{227AB0CA-8B03-4432-A78F-F0E293EAA7D2}.Release|Any CPU.Build.0 = Release|Any CPU
		{2DF4E196-3DCD-45AC-BA2B-7A65B51B324A}.Debug|Any CPU.ActiveCfg = Debug|Any CPU
		{2DF4E196-3DCD-45AC-BA2B-7A65B51B324A}.Debug|Any CPU.Build.0 = Debug|Any CPU
		{2DF4E196-3DCD-45AC-BA2B-7A65B51B324A}.Release|Any CPU.ActiveCfg = Release|Any CPU
		{2DF4E196-3DCD-45AC-BA2B-7A65B51B324A}.Release|Any CPU.Build.0 = Release|Any CPU
		{E7994CA4-953E-4F05-AA9E-8BF71BC9A9BD}.Debug|Any CPU.ActiveCfg = Debug|Any CPU
		{E7994CA4-953E-4F05-AA9E-8BF71BC9A9BD}.Debug|Any CPU.Build.0 = Debug|Any CPU
		{E7994CA4-953E-4F05-AA9E-8BF71BC9A9BD}.Release|Any CPU.ActiveCfg = Release|Any CPU
		{E7994CA4-953E-4F05-AA9E-8BF71BC9A9BD}.Release|Any CPU.Build.0 = Release|Any CPU
		{2FDCF0D1-5097-416E-B713-A6AE667B8879}.Debug|Any CPU.ActiveCfg = Debug|Any CPU
		{2FDCF0D1-5097-416E-B713-A6AE667B8879}.Debug|Any CPU.Build.0 = Debug|Any CPU
		{2FDCF0D1-5097-416E-B713-A6AE667B8879}.Release|Any CPU.ActiveCfg = Release|Any CPU
		{2FDCF0D1-5097-416E-B713-A6AE667B8879}.Release|Any CPU.Build.0 = Release|Any CPU
		{A1287C14-C2AB-4126-810D-57203B5A938F}.Debug|Any CPU.ActiveCfg = Debug|Any CPU
		{A1287C14-C2AB-4126-810D-57203B5A938F}.Debug|Any CPU.Build.0 = Debug|Any CPU
		{A1287C14-C2AB-4126-810D-57203B5A938F}.Release|Any CPU.ActiveCfg = Release|Any CPU
		{A1287C14-C2AB-4126-810D-57203B5A938F}.Release|Any CPU.Build.0 = Release|Any CPU
		{EA1625A9-20C7-47DC-9678-0B93CFBF736D}.Debug|Any CPU.ActiveCfg = Debug|Any CPU
		{EA1625A9-20C7-47DC-9678-0B93CFBF736D}.Debug|Any CPU.Build.0 = Debug|Any CPU
		{EA1625A9-20C7-47DC-9678-0B93CFBF736D}.Release|Any CPU.ActiveCfg = Release|Any CPU
		{EA1625A9-20C7-47DC-9678-0B93CFBF736D}.Release|Any CPU.Build.0 = Release|Any CPU
		{30525443-F3B7-486A-B4B1-EE7A967D2874}.Debug|Any CPU.ActiveCfg = Debug|Any CPU
		{30525443-F3B7-486A-B4B1-EE7A967D2874}.Debug|Any CPU.Build.0 = Debug|Any CPU
		{30525443-F3B7-486A-B4B1-EE7A967D2874}.Release|Any CPU.ActiveCfg = Release|Any CPU
		{30525443-F3B7-486A-B4B1-EE7A967D2874}.Release|Any CPU.Build.0 = Release|Any CPU
		{B44509B7-9D48-4D2B-8BEA-4F25BDBBC8E2}.Debug|Any CPU.ActiveCfg = Debug|Any CPU
		{B44509B7-9D48-4D2B-8BEA-4F25BDBBC8E2}.Debug|Any CPU.Build.0 = Debug|Any CPU
		{B44509B7-9D48-4D2B-8BEA-4F25BDBBC8E2}.Release|Any CPU.ActiveCfg = Release|Any CPU
		{B44509B7-9D48-4D2B-8BEA-4F25BDBBC8E2}.Release|Any CPU.Build.0 = Release|Any CPU
		{1E2099EF-2720-4C69-AE38-CA261294AA89}.Debug|Any CPU.ActiveCfg = Debug|Any CPU
		{1E2099EF-2720-4C69-AE38-CA261294AA89}.Debug|Any CPU.Build.0 = Debug|Any CPU
		{1E2099EF-2720-4C69-AE38-CA261294AA89}.Release|Any CPU.ActiveCfg = Release|Any CPU
		{1E2099EF-2720-4C69-AE38-CA261294AA89}.Release|Any CPU.Build.0 = Release|Any CPU
		{A440109D-C3F6-43F7-9F56-31E8BEA5364D}.Debug|Any CPU.ActiveCfg = Debug|Any CPU
		{A440109D-C3F6-43F7-9F56-31E8BEA5364D}.Debug|Any CPU.Build.0 = Debug|Any CPU
		{A440109D-C3F6-43F7-9F56-31E8BEA5364D}.Release|Any CPU.ActiveCfg = Release|Any CPU
		{A440109D-C3F6-43F7-9F56-31E8BEA5364D}.Release|Any CPU.Build.0 = Release|Any CPU
		{BE1CE2C7-D5EB-4EAA-9203-506C4ED88140}.Debug|Any CPU.ActiveCfg = Debug|Any CPU
		{BE1CE2C7-D5EB-4EAA-9203-506C4ED88140}.Debug|Any CPU.Build.0 = Debug|Any CPU
		{BE1CE2C7-D5EB-4EAA-9203-506C4ED88140}.Release|Any CPU.ActiveCfg = Release|Any CPU
		{BE1CE2C7-D5EB-4EAA-9203-506C4ED88140}.Release|Any CPU.Build.0 = Release|Any CPU
		{04A20994-C76E-4745-BC73-9AE73C041555}.Debug|Any CPU.ActiveCfg = Debug|Any CPU
		{04A20994-C76E-4745-BC73-9AE73C041555}.Debug|Any CPU.Build.0 = Debug|Any CPU
		{04A20994-C76E-4745-BC73-9AE73C041555}.Release|Any CPU.ActiveCfg = Release|Any CPU
		{04A20994-C76E-4745-BC73-9AE73C041555}.Release|Any CPU.Build.0 = Release|Any CPU
		{6D508721-0DBA-4B99-8D40-0FF701554AC8}.Debug|Any CPU.ActiveCfg = Debug|Any CPU
		{6D508721-0DBA-4B99-8D40-0FF701554AC8}.Debug|Any CPU.Build.0 = Debug|Any CPU
		{6D508721-0DBA-4B99-8D40-0FF701554AC8}.Release|Any CPU.ActiveCfg = Release|Any CPU
		{6D508721-0DBA-4B99-8D40-0FF701554AC8}.Release|Any CPU.Build.0 = Release|Any CPU
		{7FDA6EA5-EC1A-4F05-94EE-0163A23FF7F4}.Debug|Any CPU.ActiveCfg = Debug|Any CPU
		{7FDA6EA5-EC1A-4F05-94EE-0163A23FF7F4}.Debug|Any CPU.Build.0 = Debug|Any CPU
		{7FDA6EA5-EC1A-4F05-94EE-0163A23FF7F4}.Release|Any CPU.ActiveCfg = Release|Any CPU
		{7FDA6EA5-EC1A-4F05-94EE-0163A23FF7F4}.Release|Any CPU.Build.0 = Release|Any CPU
		{6E1CBEEF-E8BF-43BE-BAE1-D89F6E618443}.Debug|Any CPU.ActiveCfg = Debug|Any CPU
		{6E1CBEEF-E8BF-43BE-BAE1-D89F6E618443}.Debug|Any CPU.Build.0 = Debug|Any CPU
		{6E1CBEEF-E8BF-43BE-BAE1-D89F6E618443}.Release|Any CPU.ActiveCfg = Release|Any CPU
		{6E1CBEEF-E8BF-43BE-BAE1-D89F6E618443}.Release|Any CPU.Build.0 = Release|Any CPU
		{119C1639-07BA-470E-B3E9-CAD0ECF01A24}.Debug|Any CPU.ActiveCfg = Debug|Any CPU
		{119C1639-07BA-470E-B3E9-CAD0ECF01A24}.Debug|Any CPU.Build.0 = Debug|Any CPU
		{119C1639-07BA-470E-B3E9-CAD0ECF01A24}.Release|Any CPU.ActiveCfg = Release|Any CPU
		{119C1639-07BA-470E-B3E9-CAD0ECF01A24}.Release|Any CPU.Build.0 = Release|Any CPU
	EndGlobalSection
	GlobalSection(SolutionProperties) = preSolution
		HideSolutionNode = FALSE
	EndGlobalSection
	GlobalSection(NestedProjects) = preSolution
		{77E607B0-3B7F-43E4-87FC-8CEFF2CC795B} = {FFB15EA6-B623-41D7-AEFC-476EE6A1DF64}
		{CF3C6446-5719-4C54-93FB-317C598E799D} = {FFB15EA6-B623-41D7-AEFC-476EE6A1DF64}
		{8770D7BD-DE09-4CFD-99CD-C6523B763540} = {77E607B0-3B7F-43E4-87FC-8CEFF2CC795B}
		{51278490-5C1A-4E65-8DB4-A53E1334786D} = {CF3C6446-5719-4C54-93FB-317C598E799D}
		{24A5CB10-0196-4D2C-A312-C4B18A5AF97C} = {51278490-5C1A-4E65-8DB4-A53E1334786D}
		{BB6FC676-F53B-4B95-9546-D3A9E87331BF} = {24A5CB10-0196-4D2C-A312-C4B18A5AF97C}
		{EB49507F-ED85-41FB-BE6E-B784EFB35A1E} = {CF3C6446-5719-4C54-93FB-317C598E799D}
		{E7B4113C-3433-4278-932C-9E303CDF90C5} = {CF3C6446-5719-4C54-93FB-317C598E799D}
		{D7569C11-6820-4E86-9921-5534260E0C10} = {E7B4113C-3433-4278-932C-9E303CDF90C5}
		{B1F335D0-5E74-43DC-8B56-F6DCA70A8FEE} = {E7B4113C-3433-4278-932C-9E303CDF90C5}
		{3F5EE52A-74CA-4B54-9774-6B5953B41E1E} = {D7569C11-6820-4E86-9921-5534260E0C10}
		{0DE53C4C-A6A1-4FD7-B706-D85F7372A44F} = {D7569C11-6820-4E86-9921-5534260E0C10}
		{6B45A051-EDC1-4DBA-AA33-71EAB453592E} = {D7569C11-6820-4E86-9921-5534260E0C10}
		{546325DF-5520-487F-9D94-94775DBA354D} = {D7569C11-6820-4E86-9921-5534260E0C10}
		{63E26618-5B01-4364-98E2-D701B31D6A4B} = {B1F335D0-5E74-43DC-8B56-F6DCA70A8FEE}
		{8EDEED2D-742D-4D12-A27C-01C987FB4275} = {51278490-5C1A-4E65-8DB4-A53E1334786D}
		{83E4DB0F-84BD-454B-9812-7298E789C125} = {FFB15EA6-B623-41D7-AEFC-476EE6A1DF64}
		{59F6E130-20E9-4867-B772-F8F57A6F0960} = {83E4DB0F-84BD-454B-9812-7298E789C125}
		{227AB0CA-8B03-4432-A78F-F0E293EAA7D2} = {0DE53C4C-A6A1-4FD7-B706-D85F7372A44F}
		{2DF4E196-3DCD-45AC-BA2B-7A65B51B324A} = {546325DF-5520-487F-9D94-94775DBA354D}
		{E7994CA4-953E-4F05-AA9E-8BF71BC9A9BD} = {6B45A051-EDC1-4DBA-AA33-71EAB453592E}
		{2FDCF0D1-5097-416E-B713-A6AE667B8879} = {B1F335D0-5E74-43DC-8B56-F6DCA70A8FEE}
		{A1287C14-C2AB-4126-810D-57203B5A938F} = {B1F335D0-5E74-43DC-8B56-F6DCA70A8FEE}
		{EA1625A9-20C7-47DC-9678-0B93CFBF736D} = {3F5EE52A-74CA-4B54-9774-6B5953B41E1E}
		{D3733B18-9818-4E33-806F-B0FEB139B224} = {EB49507F-ED85-41FB-BE6E-B784EFB35A1E}
		{E5D8B499-24F4-443A-800A-0081EEE6E851} = {D3733B18-9818-4E33-806F-B0FEB139B224}
		{DD64507B-645B-42ED-842C-E58CC064E6A0} = {D3733B18-9818-4E33-806F-B0FEB139B224}
		{D845A087-2A61-4C53-84D8-7B010C54E060} = {E5D8B499-24F4-443A-800A-0081EEE6E851}
		{87090028-6D12-48E8-9C92-511B23D3E9C1} = {E5D8B499-24F4-443A-800A-0081EEE6E851}
		{D6F1BFA5-5459-439C-8571-D048ADCBA226} = {E5D8B499-24F4-443A-800A-0081EEE6E851}
		{19AED127-3AE4-4CD2-853F-8C36AE35C61E} = {E5D8B499-24F4-443A-800A-0081EEE6E851}
		{30525443-F3B7-486A-B4B1-EE7A967D2874} = {D845A087-2A61-4C53-84D8-7B010C54E060}
		{B44509B7-9D48-4D2B-8BEA-4F25BDBBC8E2} = {87090028-6D12-48E8-9C92-511B23D3E9C1}
		{1E2099EF-2720-4C69-AE38-CA261294AA89} = {D6F1BFA5-5459-439C-8571-D048ADCBA226}
		{A440109D-C3F6-43F7-9F56-31E8BEA5364D} = {19AED127-3AE4-4CD2-853F-8C36AE35C61E}
		{60845873-FF94-4F6E-BEF0-F6510D852F9A} = {DD64507B-645B-42ED-842C-E58CC064E6A0}
		{D58E3E14-D1C7-41B2-B666-EC6BB5AB386E} = {DD64507B-645B-42ED-842C-E58CC064E6A0}
		{01A3C9AE-4893-4136-8DCE-D1A5901868A8} = {EB49507F-ED85-41FB-BE6E-B784EFB35A1E}
		{FEF65E30-BEEA-423B-B7F4-32CB18468567} = {EB49507F-ED85-41FB-BE6E-B784EFB35A1E}
		{379CDD3E-74BB-4AA7-9CF5-C41A71410D56} = {EB49507F-ED85-41FB-BE6E-B784EFB35A1E}
		{BE87D2C0-91B7-4A6E-9DA0-A1D3256BEAFF} = {01A3C9AE-4893-4136-8DCE-D1A5901868A8}
		{B5A765F2-DDBC-41C4-A168-A1ADFC33D6B1} = {01A3C9AE-4893-4136-8DCE-D1A5901868A8}
		{F523C403-D43C-4EC1-A748-FBF8F7F14AB0} = {BE87D2C0-91B7-4A6E-9DA0-A1D3256BEAFF}
		{3EB3AF6D-8AC6-4F43-B5C9-D6A9B108FB1E} = {BE87D2C0-91B7-4A6E-9DA0-A1D3256BEAFF}
		{8CFB3667-1B66-450B-8AF0-EFA5132669ED} = {BE87D2C0-91B7-4A6E-9DA0-A1D3256BEAFF}
		{C99BBCA9-25CC-483D-A3AA-BB15BD120ECF} = {BE87D2C0-91B7-4A6E-9DA0-A1D3256BEAFF}
		{BE1CE2C7-D5EB-4EAA-9203-506C4ED88140} = {F523C403-D43C-4EC1-A748-FBF8F7F14AB0}
		{04A20994-C76E-4745-BC73-9AE73C041555} = {3EB3AF6D-8AC6-4F43-B5C9-D6A9B108FB1E}
		{6D508721-0DBA-4B99-8D40-0FF701554AC8} = {8CFB3667-1B66-450B-8AF0-EFA5132669ED}
		{7FDA6EA5-EC1A-4F05-94EE-0163A23FF7F4} = {C99BBCA9-25CC-483D-A3AA-BB15BD120ECF}
		{6A00A6D5-F99D-4478-B56D-74E815B752F6} = {FFB15EA6-B623-41D7-AEFC-476EE6A1DF64}
		{6E1CBEEF-E8BF-43BE-BAE1-D89F6E618443} = {6A00A6D5-F99D-4478-B56D-74E815B752F6}
		{119C1639-07BA-470E-B3E9-CAD0ECF01A24} = {8EDEED2D-742D-4D12-A27C-01C987FB4275}
	EndGlobalSection
	GlobalSection(ExtensibilityGlobals) = postSolution
		SolutionGuid = {4BA69C39-4034-4ED4-818B-9B98F9F18ECB}
	EndGlobalSection
EndGlobal
